
Microsoft Visual Studio Solution File, Format Version 12.00
# Visual Studio Version 16
VisualStudioVersion = 16.0.32106.194
MinimumVisualStudioVersion = 10.0.40219.1
Project("{9A19103F-16F7-4668-BE54-9A1E7A4F7556}") = "SITConnect", "SITConnect\SITConnect.csproj", "{81CE0FA5-B5EB-4D10-86F5-3118430FC4CF}"
EndProject
Global
	GlobalSection(SolutionConfigurationPlatforms) = preSolution
		Debug|Any CPU = Debug|Any CPU
		Release|Any CPU = Release|Any CPU
	EndGlobalSection
	GlobalSection(ProjectConfigurationPlatforms) = postSolution
		{81CE0FA5-B5EB-4D10-86F5-3118430FC4CF}.Debug|Any CPU.ActiveCfg = Debug|Any CPU
		{81CE0FA5-B5EB-4D10-86F5-3118430FC4CF}.Debug|Any CPU.Build.0 = Debug|Any CPU
		{81CE0FA5-B5EB-4D10-86F5-3118430FC4CF}.Release|Any CPU.ActiveCfg = Release|Any CPU
		{81CE0FA5-B5EB-4D10-86F5-3118430FC4CF}.Release|Any CPU.Build.0 = Release|Any CPU
	EndGlobalSection
	GlobalSection(SolutionProperties) = preSolution
		HideSolutionNode = FALSE
	EndGlobalSection
	GlobalSection(ExtensibilityGlobals) = postSolution
		SolutionGuid = {152EE86F-83DD-45C6-B46F-E0F62CA7FE87}
	EndGlobalSection
EndGlobal
